
Microsoft Visual Studio Solution File, Format Version 12.00
# Visual Studio Version 16
VisualStudioVersion = 16.0.31205.134
MinimumVisualStudioVersion = 10.0.40219.1
Project("{FAE04EC0-301F-11D3-BF4B-00C04F79EFBC}") = "AAPM", "AAPM\AAPM.csproj", "{7DF298AC-7554-4D6C-A057-907073AAF6FA}"
EndProject
Project("{FAE04EC0-301F-11D3-BF4B-00C04F79EFBC}") = "AAPModel", "AAPModel\AAPModel.csproj", "{C9512797-E4C2-4C87-9337-9EB5C63624D5}"
EndProject
Global
	GlobalSection(SolutionConfigurationPlatforms) = preSolution
		Debug|Any CPU = Debug|Any CPU
		Release|Any CPU = Release|Any CPU
	EndGlobalSection
	GlobalSection(ProjectConfigurationPlatforms) = postSolution
		{7DF298AC-7554-4D6C-A057-907073AAF6FA}.Debug|Any CPU.ActiveCfg = Debug|Any CPU
		{7DF298AC-7554-4D6C-A057-907073AAF6FA}.Debug|Any CPU.Build.0 = Debug|Any CPU
		{7DF298AC-7554-4D6C-A057-907073AAF6FA}.Release|Any CPU.ActiveCfg = Release|Any CPU
		{7DF298AC-7554-4D6C-A057-907073AAF6FA}.Release|Any CPU.Build.0 = Release|Any CPU
		{C9512797-E4C2-4C87-9337-9EB5C63624D5}.Debug|Any CPU.ActiveCfg = Debug|Any CPU
		{C9512797-E4C2-4C87-9337-9EB5C63624D5}.Debug|Any CPU.Build.0 = Debug|Any CPU
		{C9512797-E4C2-4C87-9337-9EB5C63624D5}.Release|Any CPU.ActiveCfg = Release|Any CPU
		{C9512797-E4C2-4C87-9337-9EB5C63624D5}.Release|Any CPU.Build.0 = Release|Any CPU
	EndGlobalSection
	GlobalSection(SolutionProperties) = preSolution
		HideSolutionNode = FALSE
	EndGlobalSection
	GlobalSection(ExtensibilityGlobals) = postSolution
		SolutionGuid = {382FDC55-67CB-4A44-872D-3050129994F0}
	EndGlobalSection
EndGlobal
